{
  "version": 4,
  "terraform_version": "1.0.10",
  "serial": 176,
  "lineage": "2e8060ae-84ea-ad86-48bc-e8ded39cd1be",
  "outputs": {},
  "resources": [
    {
      "mode": "managed",
      "type": "aws_glue_catalog_database",
      "name": "catalog-database",
      "provider": "provider[\"registry.terraform.io/hashicorp/aws\"]",
      "instances": [
        {
          "schema_version": 0,
          "attributes": {
            "arn": "arn:aws:glue:us-east-1:228718274899:database/recommender_graph_db_dev",
            "catalog_id": "228718274899",
            "description": "Customers tables for Athena",
            "id": "228718274899:recommender_graph_db_dev",
            "location_uri": "",
            "name": "recommender_graph_db_dev",
            "parameters": null,
            "target_database": []
          },
          "sensitive_attributes": [],
          "private": "bnVsbA=="
        }
      ]
    },
    {
      "mode": "managed",
      "type": "aws_glue_crawler",
      "name": "raw-data-crawler-customer-1",
      "provider": "provider[\"registry.terraform.io/hashicorp/aws\"]",
      "instances": [
        {
          "schema_version": 0,
          "attributes": {
            "arn": "arn:aws:glue:us-east-1:228718274899:crawler/recommender-graph-db-raw-data-c1-dev",
            "catalog_target": [],
            "classifiers": null,
            "configuration": "",
            "database_name": "recommender_graph_db_dev",
            "delta_target": [],
            "description": "",
            "dynamodb_target": [],
            "id": "recommender-graph-db-raw-data-c1-dev",
            "jdbc_target": [],
            "lineage_configuration": [
              {
                "crawler_lineage_settings": "DISABLE"
              }
            ],
            "mongodb_target": [],
            "name": "recommender-graph-db-raw-data-c1-dev",
            "recrawl_policy": [
              {
                "recrawl_behavior": "CRAWL_EVERYTHING"
              }
            ],
            "role": "recommender-graph-db-glue-role-dev",
            "s3_target": [
              {
                "connection_name": "",
                "dlq_event_queue_arn": "",
                "event_queue_arn": "",
                "exclusions": null,
                "path": "s3://recommender-graph-db-dev/data/raw/customer_1/learning_coursepath_courses",
                "sample_size": 0
              },
              {
                "connection_name": "",
                "dlq_event_queue_arn": "",
                "event_queue_arn": "",
                "exclusions": null,
                "path": "s3://recommender-graph-db-dev/data/raw/customer_1/core_user",
                "sample_size": 0
              },
              {
                "connection_name": "",
                "dlq_event_queue_arn": "",
                "event_queue_arn": "",
                "exclusions": null,
                "path": "s3://recommender-graph-db-dev/data/raw/customer_1/core_group_members",
                "sample_size": 0
              },
              {
                "connection_name": "",
                "dlq_event_queue_arn": "",
                "event_queue_arn": "",
                "exclusions": null,
                "path": "s3://recommender-graph-db-dev/data/raw/customer_1/learning_course",
                "sample_size": 0
              },
              {
                "connection_name": "",
                "dlq_event_queue_arn": "",
                "event_queue_arn": "",
                "exclusions": null,
                "path": "s3://recommender-graph-db-dev/data/raw/customer_1/learning_course_rating_vote",
                "sample_size": 0
              },
              {
                "connection_name": "",
                "dlq_event_queue_arn": "",
                "event_queue_arn": "",
                "exclusions": null,
                "path": "s3://recommender-graph-db-dev/data/raw/customer_1/learning_coursepath",
                "sample_size": 0
              },
              {
                "connection_name": "",
                "dlq_event_queue_arn": "",
                "event_queue_arn": "",
                "exclusions": null,
                "path": "s3://recommender-graph-db-dev/data/raw/customer_1/learning_courseuser",
                "sample_size": 0
              },
              {
                "connection_name": "",
                "dlq_event_queue_arn": "",
                "event_queue_arn": "",
                "exclusions": null,
                "path": "s3://recommender-graph-db-dev/data/raw/customer_1/core_setting_user",
                "sample_size": 0
              }
            ],
            "schedule": "",
            "schema_change_policy": [
              {
                "delete_behavior": "DEPRECATE_IN_DATABASE",
                "update_behavior": "UPDATE_IN_DATABASE"
              }
            ],
            "security_configuration": "",
            "table_prefix": "c1_dev_",
            "tags": null,
            "tags_all": {}
          },
          "sensitive_attributes": [],
          "private": "bnVsbA==",
          "dependencies": [
            "aws_glue_catalog_database.catalog-database",
            "aws_iam_policy.s3-data-policy",
            "aws_iam_role.glue-role",
            "aws_s3_bucket.data-bucket"
          ]
        }
      ]
    },
    {
      "mode": "managed",
      "type": "aws_glue_crawler",
      "name": "raw-data-crawler-customer-2",
      "provider": "provider[\"registry.terraform.io/hashicorp/aws\"]",
      "instances": [
        {
          "schema_version": 0,
          "attributes": {
            "arn": "arn:aws:glue:us-east-1:228718274899:crawler/recommender-graph-db-raw-data-c2-dev",
            "catalog_target": [],
            "classifiers": null,
            "configuration": "",
            "database_name": "recommender_graph_db_dev",
            "delta_target": [],
            "description": "",
            "dynamodb_target": [],
            "id": "recommender-graph-db-raw-data-c2-dev",
            "jdbc_target": [],
            "lineage_configuration": [
              {
                "crawler_lineage_settings": "DISABLE"
              }
            ],
            "mongodb_target": [],
            "name": "recommender-graph-db-raw-data-c2-dev",
            "recrawl_policy": [
              {
                "recrawl_behavior": "CRAWL_EVERYTHING"
              }
            ],
            "role": "recommender-graph-db-glue-role-dev",
            "s3_target": [
              {
                "connection_name": "",
                "dlq_event_queue_arn": "",
                "event_queue_arn": "",
                "exclusions": null,
                "path": "s3://recommender-graph-db-dev/data/raw/customer_2/learning_coursepath_courses",
                "sample_size": 0
              },
              {
                "connection_name": "",
                "dlq_event_queue_arn": "",
                "event_queue_arn": "",
                "exclusions": null,
                "path": "s3://recommender-graph-db-dev/data/raw/customer_2/core_user",
                "sample_size": 0
              },
              {
                "connection_name": "",
                "dlq_event_queue_arn": "",
                "event_queue_arn": "",
                "exclusions": null,
                "path": "s3://recommender-graph-db-dev/data/raw/customer_2/core_group_members",
                "sample_size": 0
              },
              {
                "connection_name": "",
                "dlq_event_queue_arn": "",
                "event_queue_arn": "",
                "exclusions": null,
                "path": "s3://recommender-graph-db-dev/data/raw/customer_2/learning_course",
                "sample_size": 0
              },
              {
                "connection_name": "",
                "dlq_event_queue_arn": "",
                "event_queue_arn": "",
                "exclusions": null,
                "path": "s3://recommender-graph-db-dev/data/raw/customer_2/learning_course_rating_vote",
                "sample_size": 0
              },
              {
                "connection_name": "",
                "dlq_event_queue_arn": "",
                "event_queue_arn": "",
                "exclusions": null,
                "path": "s3://recommender-graph-db-dev/data/raw/customer_2/app7020_content_history",
                "sample_size": 0
              },
              {
                "connection_name": "",
                "dlq_event_queue_arn": "",
                "event_queue_arn": "",
                "exclusions": null,
                "path": "s3://recommender-graph-db-dev/data/raw/customer_2/learning_coursepath",
                "sample_size": 0
              },
              {
                "connection_name": "",
                "dlq_event_queue_arn": "",
                "event_queue_arn": "",
                "exclusions": null,
                "path": "s3://recommender-graph-db-dev/data/raw/customer_2/app7020_content",
                "sample_size": 0
              },
              {
                "connection_name": "",
                "dlq_event_queue_arn": "",
                "event_queue_arn": "",
                "exclusions": null,
                "path": "s3://recommender-graph-db-dev/data/raw/customer_2/app7020_content_rating",
                "sample_size": 0
              },
              {
                "connection_name": "",
                "dlq_event_queue_arn": "",
                "event_queue_arn": "",
                "exclusions": null,
                "path": "s3://recommender-graph-db-dev/data/raw/customer_2/app7020_invitations",
                "sample_size": 0
              },
              {
                "connection_name": "",
                "dlq_event_queue_arn": "",
                "event_queue_arn": "",
                "exclusions": null,
                "path": "s3://recommender-graph-db-dev/data/raw/customer_2/learning_courseuser",
                "sample_size": 0
              },
              {
                "connection_name": "",
                "dlq_event_queue_arn": "",
                "event_queue_arn": "",
                "exclusions": null,
                "path": "s3://recommender-graph-db-dev/data/raw/customer_2/core_setting_user",
                "sample_size": 0
              }
            ],
            "schedule": "",
            "schema_change_policy": [
              {
                "delete_behavior": "DEPRECATE_IN_DATABASE",
                "update_behavior": "UPDATE_IN_DATABASE"
              }
            ],
            "security_configuration": "",
            "table_prefix": "c2_dev_",
            "tags": null,
            "tags_all": {}
          },
          "sensitive_attributes": [],
          "private": "bnVsbA==",
          "dependencies": [
            "aws_glue_catalog_database.catalog-database",
            "aws_iam_policy.s3-data-policy",
            "aws_iam_role.glue-role",
            "aws_s3_bucket.data-bucket"
          ]
        }
      ]
    },
    {
      "mode": "managed",
      "type": "aws_glue_crawler",
      "name": "raw-data-crawler-customer-3",
      "provider": "provider[\"registry.terraform.io/hashicorp/aws\"]",
      "instances": [
        {
          "schema_version": 0,
          "attributes": {
            "arn": "arn:aws:glue:us-east-1:228718274899:crawler/recommender-graph-db-raw-data-c3-dev",
            "catalog_target": [],
            "classifiers": null,
            "configuration": "",
            "database_name": "recommender_graph_db_dev",
            "delta_target": [],
            "description": "",
            "dynamodb_target": [],
            "id": "recommender-graph-db-raw-data-c3-dev",
            "jdbc_target": [],
            "lineage_configuration": [
              {
                "crawler_lineage_settings": "DISABLE"
              }
            ],
            "mongodb_target": [],
            "name": "recommender-graph-db-raw-data-c3-dev",
            "recrawl_policy": [
              {
                "recrawl_behavior": "CRAWL_EVERYTHING"
              }
            ],
            "role": "recommender-graph-db-glue-role-dev",
            "s3_target": [
              {
                "connection_name": "",
                "dlq_event_queue_arn": "",
                "event_queue_arn": "",
                "exclusions": null,
                "path": "s3://recommender-graph-db-dev/data/raw/customer_3/learning_coursepath_courses",
                "sample_size": 0
              },
              {
                "connection_name": "",
                "dlq_event_queue_arn": "",
                "event_queue_arn": "",
                "exclusions": null,
                "path": "s3://recommender-graph-db-dev/data/raw/customer_3/core_user",
                "sample_size": 0
              },
              {
                "connection_name": "",
                "dlq_event_queue_arn": "",
                "event_queue_arn": "",
                "exclusions": null,
                "path": "s3://recommender-graph-db-dev/data/raw/customer_3/core_group_members",
                "sample_size": 0
              },
              {
                "connection_name": "",
                "dlq_event_queue_arn": "",
                "event_queue_arn": "",
                "exclusions": null,
                "path": "s3://recommender-graph-db-dev/data/raw/customer_3/learning_course",
                "sample_size": 0
              },
              {
                "connection_name": "",
                "dlq_event_queue_arn": "",
                "event_queue_arn": "",
                "exclusions": null,
                "path": "s3://recommender-graph-db-dev/data/raw/customer_3/learning_course_rating_vote",
                "sample_size": 0
              },
              {
                "connection_name": "",
                "dlq_event_queue_arn": "",
                "event_queue_arn": "",
                "exclusions": null,
                "path": "s3://recommender-graph-db-dev/data/raw/customer_3/learning_coursepath",
                "sample_size": 0
              },
              {
                "connection_name": "",
                "dlq_event_queue_arn": "",
                "event_queue_arn": "",
                "exclusions": null,
                "path": "s3://recommender-graph-db-dev/data/raw/customer_3/learning_courseuser",
                "sample_size": 0
              },
              {
                "connection_name": "",
                "dlq_event_queue_arn": "",
                "event_queue_arn": "",
                "exclusions": null,
                "path": "s3://recommender-graph-db-dev/data/raw/customer_3/core_setting_user",
                "sample_size": 0
              }
            ],
            "schedule": "",
            "schema_change_policy": [
              {
                "delete_behavior": "DEPRECATE_IN_DATABASE",
                "update_behavior": "UPDATE_IN_DATABASE"
              }
            ],
            "security_configuration": "",
            "table_prefix": "c3_dev_",
            "tags": null,
            "tags_all": {}
          },
          "sensitive_attributes": [],
          "private": "bnVsbA==",
          "dependencies": [
            "aws_glue_catalog_database.catalog-database",
            "aws_iam_policy.s3-data-policy",
            "aws_iam_role.glue-role",
            "aws_s3_bucket.data-bucket"
          ]
        }
      ]
    },
    {
      "mode": "managed",
      "type": "aws_iam_policy",
      "name": "s3-data-policy",
      "provider": "provider[\"registry.terraform.io/hashicorp/aws\"]",
      "instances": [
        {
          "schema_version": 0,
          "attributes": {
            "arn": "arn:aws:iam::228718274899:policy/data-policy-recommender-graph-db-dev",
            "description": "",
            "id": "arn:aws:iam::228718274899:policy/data-policy-recommender-graph-db-dev",
            "name": "data-policy-recommender-graph-db-dev",
            "name_prefix": null,
            "path": "/",
            "policy": "{\"Statement\":[{\"Action\":[\"s3:GetObject\",\"s3:PutObject\"],\"Effect\":\"Allow\",\"Resource\":\"arn:aws:s3:::recommender-graph-db-dev/*\"},{\"Action\":[\"s3:ListBucket\"],\"Effect\":\"Allow\",\"Resource\":\"arn:aws:s3:::recommender-graph-db-dev\"},{\"Action\":[\"s3:DeleteObject\"],\"Effect\":\"Allow\",\"Resource\":\"arn:aws:s3:::recommender-graph-db-dev/data/*\"},{\"Action\":[\"logs:GetLogEvents\"],\"Effect\":\"Allow\",\"Resource\":\"arn:aws:logs:*:*:log-group:/aws-glue/python-jobs/output:*\"},{\"Action\":[\"logs:DescribeLogStreams\"],\"Effect\":\"Allow\",\"Resource\":\"arn:aws:logs:*:*:log-group:/aws-glue/python-jobs/output:*\"}],\"Version\":\"2012-10-17\"}",
            "policy_id": "ANPATKQFL5FJTA3JK5W2H",
            "tags": null,
            "tags_all": {}
          },
          "sensitive_attributes": [],
          "private": "bnVsbA==",
          "dependencies": [
            "aws_s3_bucket.data-bucket"
          ]
        }
      ]
    },
    {
      "mode": "managed",
      "type": "aws_iam_role",
      "name": "glue-role",
      "provider": "provider[\"registry.terraform.io/hashicorp/aws\"]",
      "instances": [
        {
          "schema_version": 0,
          "attributes": {
            "arn": "arn:aws:iam::228718274899:role/recommender-graph-db-glue-role-dev",
            "assume_role_policy": "{\"Version\":\"2012-10-17\",\"Statement\":[{\"Sid\":\"\",\"Effect\":\"Allow\",\"Principal\":{\"Service\":\"glue.amazonaws.com\"},\"Action\":\"sts:AssumeRole\"}]}",
            "create_date": "2022-08-30T13:42:12Z",
            "description": "",
            "force_detach_policies": false,
            "id": "recommender-graph-db-glue-role-dev",
            "inline_policy": [
              {
                "name": "",
                "policy": ""
              }
            ],
            "managed_policy_arns": [
              "arn:aws:iam::228718274899:policy/data-policy-recommender-graph-db-dev",
              "arn:aws:iam::aws:policy/service-role/AWSGlueServiceRole"
            ],
            "max_session_duration": 3600,
            "name": "recommender-graph-db-glue-role-dev",
            "name_prefix": "",
            "path": "/",
            "permissions_boundary": null,
            "tags": null,
            "tags_all": {},
            "unique_id": "AROATKQFL5FJ37SSX756U"
          },
          "sensitive_attributes": [],
          "private": "bnVsbA==",
          "dependencies": [
            "aws_iam_policy.s3-data-policy",
            "aws_s3_bucket.data-bucket"
          ]
        }
      ]
    },
    {
      "mode": "managed",
      "type": "aws_s3_bucket",
      "name": "data-bucket",
      "provider": "provider[\"registry.terraform.io/hashicorp/aws\"]",
      "instances": [
        {
          "schema_version": 0,
          "attributes": {
            "acceleration_status": "",
            "acl": "private",
            "arn": "arn:aws:s3:::recommender-graph-db-dev",
            "bucket": "recommender-graph-db-dev",
            "bucket_domain_name": "recommender-graph-db-dev.s3.amazonaws.com",
            "bucket_prefix": null,
            "bucket_regional_domain_name": "recommender-graph-db-dev.s3.amazonaws.com",
            "cors_rule": [],
            "force_destroy": true,
            "grant": [],
            "hosted_zone_id": "Z3AQBSTGFYJSTF",
            "id": "recommender-graph-db-dev",
            "lifecycle_rule": [],
            "logging": [],
            "object_lock_configuration": [],
            "object_lock_enabled": false,
            "policy": null,
            "region": "us-east-1",
            "replication_configuration": [],
            "request_payer": "BucketOwner",
            "server_side_encryption_configuration": [
              {
                "rule": [
                  {
                    "apply_server_side_encryption_by_default": [
                      {
                        "kms_master_key_id": "",
                        "sse_algorithm": "AES256"
                      }
                    ],
                    "bucket_key_enabled": false
                  }
                ]
              }
            ],
            "tags": null,
            "tags_all": {},
            "versioning": [
              {
                "enabled": false,
                "mfa_delete": false
              }
            ],
            "website": [],
            "website_domain": null,
            "website_endpoint": null
          },
          "sensitive_attributes": [],
          "private": "bnVsbA=="
        }
      ]
    },
    {
      "mode": "managed",
      "type": "null_resource",
      "name": "run-crawler-customer-1",
      "provider": "provider[\"registry.terraform.io/hashicorp/null\"]",
      "instances": [
        {
          "schema_version": 0,
          "attributes": {
            "id": "1486271364044148585",
            "triggers": null
          },
          "sensitive_attributes": [],
          "private": "bnVsbA==",
          "dependencies": [
            "aws_glue_catalog_database.catalog-database",
            "aws_glue_crawler.raw-data-crawler-customer-1",
            "aws_iam_policy.s3-data-policy",
            "aws_iam_role.glue-role",
            "aws_s3_bucket.data-bucket"
          ]
        }
      ]
    },
    {
      "mode": "managed",
      "type": "null_resource",
      "name": "run-crawler-customer-2",
      "provider": "provider[\"registry.terraform.io/hashicorp/null\"]",
      "instances": [
        {
          "schema_version": 0,
          "attributes": {
            "id": "3528502089034605603",
            "triggers": null
          },
          "sensitive_attributes": [],
          "private": "bnVsbA==",
          "dependencies": [
            "aws_glue_catalog_database.catalog-database",
            "aws_glue_crawler.raw-data-crawler-customer-2",
            "aws_iam_policy.s3-data-policy",
            "aws_iam_role.glue-role",
            "aws_s3_bucket.data-bucket"
          ]
        }
      ]
    },
    {
      "mode": "managed",
      "type": "null_resource",
      "name": "run-crawler-customer-3",
      "provider": "provider[\"registry.terraform.io/hashicorp/null\"]",
      "instances": [
        {
          "schema_version": 0,
          "attributes": {
            "id": "9113927510639339308",
            "triggers": null
          },
          "sensitive_attributes": [],
          "private": "bnVsbA==",
          "dependencies": [
            "aws_glue_catalog_database.catalog-database",
            "aws_glue_crawler.raw-data-crawler-customer-3",
            "aws_iam_policy.s3-data-policy",
            "aws_iam_role.glue-role",
            "aws_s3_bucket.data-bucket"
          ]
        }
      ]
    },
    {
      "mode": "managed",
      "type": "null_resource",
      "name": "upload-to-s3",
      "provider": "provider[\"registry.terraform.io/hashicorp/null\"]",
      "instances": [
        {
          "schema_version": 0,
          "attributes": {
            "id": "3785687521021506327",
            "triggers": null
          },
          "sensitive_attributes": [],
          "private": "bnVsbA==",
          "dependencies": [
            "aws_s3_bucket.data-bucket"
          ]
        }
      ]
    }
  ]
}
